
Microsoft Visual Studio Solution File, Format Version 12.00
# Visual Studio Version 16
VisualStudioVersion = 16.0.30320.27
MinimumVisualStudioVersion = 10.0.40219.1
Project("{FAE04EC0-301F-11D3-BF4B-00C04F79EFBC}") = "MyCore", "MyCore\MyCore.csproj", "{404EE044-0953-40CB-956A-E9EF6B51F758}"
EndProject
Global
	GlobalSection(SolutionConfigurationPlatforms) = preSolution
		Debug|Any CPU = Debug|Any CPU
		Release|Any CPU = Release|Any CPU
	EndGlobalSection
	GlobalSection(ProjectConfigurationPlatforms) = postSolution
		{404EE044-0953-40CB-956A-E9EF6B51F758}.Debug|Any CPU.ActiveCfg = Debug|Any CPU
		{404EE044-0953-40CB-956A-E9EF6B51F758}.Debug|Any CPU.Build.0 = Debug|Any CPU
		{404EE044-0953-40CB-956A-E9EF6B51F758}.Release|Any CPU.ActiveCfg = Release|Any CPU
		{404EE044-0953-40CB-956A-E9EF6B51F758}.Release|Any CPU.Build.0 = Release|Any CPU
	EndGlobalSection
	GlobalSection(SolutionProperties) = preSolution
		HideSolutionNode = FALSE
	EndGlobalSection
	GlobalSection(ExtensibilityGlobals) = postSolution
		SolutionGuid = {AA37FB7E-6EC8-4DD1-BD48-7DA54D01E03C}
	EndGlobalSection
EndGlobal
